// !$*UTF8*$!
{
	archiveVersion = 1;
	classes = {
	};
	objectVersion = 50;
	objects = {

/* Begin PBXBuildFile section */
		A75C9355273724630078DACF /* Weather.swift in Sources */ = {isa = PBXBuildFile; fileRef = A75C9354273724630078DACF /* Weather.swift */; };
		A79DA9F2273487D0007DAE21 /* Michael_WeatherApp.swift in Sources */ = {isa = PBXBuildFile; fileRef = A79DA9F1273487D0007DAE21 /* Michael_WeatherApp.swift */; };
		A79DA9F4273487D0007DAE21 /* ContentView.swift in Sources */ = {isa = PBXBuildFile; fileRef = A79DA9F3273487D0007DAE21 /* ContentView.swift */; };
		A79DA9F6273487D2007DAE21 /* Assets.xcassets in Resources */ = {isa = PBXBuildFile; fileRef = A79DA9F5273487D2007DAE21 /* Assets.xcassets */; };
		A79DA9F9273487D2007DAE21 /* Preview Assets.xcassets in Resources */ = {isa = PBXBuildFile; fileRef = A79DA9F8273487D2007DAE21 /* Preview Assets.xcassets */; };
		A79DAA04273487D3007DAE21 /* Michael_WeatherTests.swift in Sources */ = {isa = PBXBuildFile; fileRef = A79DAA03273487D3007DAE21 /* Michael_WeatherTests.swift */; };
		A79DAA0F273487D3007DAE21 /* Michael_WeatherUITests.swift in Sources */ = {isa = PBXBuildFile; fileRef = A79DAA0E273487D3007DAE21 /* Michael_WeatherUITests.swift */; };
		A79DAA2027348839007DAE21 /* LocationHelper.swift in Sources */ = {isa = PBXBuildFile; fileRef = A79DAA1F27348839007DAE21 /* LocationHelper.swift */; };
		A7AE4D48273CAA820032BEB9 /* WeatherFetcher.swift in Sources */ = {isa = PBXBuildFile; fileRef = A7AE4D47273CAA820032BEB9 /* WeatherFetcher.swift */; };
/* End PBXBuildFile section */

/* Begin PBXContainerItemProxy section */
		A79DAA00273487D3007DAE21 /* PBXContainerItemProxy */ = {
			isa = PBXContainerItemProxy;
			containerPortal = A79DA9E6273487D0007DAE21 /* Project object */;
			proxyType = 1;
			remoteGlobalIDString = A79DA9ED273487D0007DAE21;
			remoteInfo = Michael_Weather;
		};
		A79DAA0B273487D3007DAE21 /* PBXContainerItemProxy */ = {
			isa = PBXContainerItemProxy;
			containerPortal = A79DA9E6273487D0007DAE21 /* Project object */;
			proxyType = 1;
			remoteGlobalIDString = A79DA9ED273487D0007DAE21;
			remoteInfo = Michael_Weather;
		};
/* End PBXContainerItemProxy section */

/* Begin PBXFileReference section */
		A75C9354273724630078DACF /* Weather.swift */ = {isa = PBXFileReference; lastKnownFileType = sourcecode.swift; path = Weather.swift; sourceTree = "<group>"; };
		A79DA9EE273487D0007DAE21 /* Michael_Weather.app */ = {isa = PBXFileReference; explicitFileType = wrapper.application; includeInIndex = 0; path = Michael_Weather.app; sourceTree = BUILT_PRODUCTS_DIR; };
		A79DA9F1273487D0007DAE21 /* Michael_WeatherApp.swift */ = {isa = PBXFileReference; lastKnownFileType = sourcecode.swift; path = Michael_WeatherApp.swift; sourceTree = "<group>"; };
		A79DA9F3273487D0007DAE21 /* ContentView.swift */ = {isa = PBXFileReference; lastKnownFileType = sourcecode.swift; path = ContentView.swift; sourceTree = "<group>"; };
		A79DA9F5273487D2007DAE21 /* Assets.xcassets */ = {isa = PBXFileReference; lastKnownFileType = folder.assetcatalog; path = Assets.xcassets; sourceTree = "<group>"; };
		A79DA9F8273487D2007DAE21 /* Preview Assets.xcassets */ = {isa = PBXFileReference; lastKnownFileType = folder.assetcatalog; path = "Preview Assets.xcassets"; sourceTree = "<group>"; };
		A79DA9FA273487D2007DAE21 /* Info.plist */ = {isa = PBXFileReference; lastKnownFileType = text.plist.xml; path = Info.plist; sourceTree = "<group>"; };
		A79DA9FF273487D3007DAE21 /* Michael_WeatherTests.xctest */ = {isa = PBXFileReference; explicitFileType = wrapper.cfbundle; includeInIndex = 0; path = Michael_WeatherTests.xctest; sourceTree = BUILT_PRODUCTS_DIR; };
		A79DAA03273487D3007DAE21 /* Michael_WeatherTests.swift */ = {isa = PBXFileReference; lastKnownFileType = sourcecode.swift; path = Michael_WeatherTests.swift; sourceTree = "<group>"; };
		A79DAA05273487D3007DAE21 /* Info.plist */ = {isa = PBXFileReference; lastKnownFileType = text.plist.xml; path = Info.plist; sourceTree = "<group>"; };
		A79DAA0A273487D3007DAE21 /* Michael_WeatherUITests.xctest */ = {isa = PBXFileReference; explicitFileType = wrapper.cfbundle; includeInIndex = 0; path = Michael_WeatherUITests.xctest; sourceTree = BUILT_PRODUCTS_DIR; };
		A79DAA0E273487D3007DAE21 /* Michael_WeatherUITests.swift */ = {isa = PBXFileReference; lastKnownFileType = sourcecode.swift; path = Michael_WeatherUITests.swift; sourceTree = "<group>"; };
		A79DAA10273487D3007DAE21 /* Info.plist */ = {isa = PBXFileReference; lastKnownFileType = text.plist.xml; path = Info.plist; sourceTree = "<group>"; };
		A79DAA1F27348839007DAE21 /* LocationHelper.swift */ = {isa = PBXFileReference; lastKnownFileType = sourcecode.swift; path = LocationHelper.swift; sourceTree = "<group>"; };
		A7AE4D47273CAA820032BEB9 /* WeatherFetcher.swift */ = {isa = PBXFileReference; lastKnownFileType = sourcecode.swift; path = WeatherFetcher.swift; sourceTree = "<group>"; };
/* End PBXFileReference section */

/* Begin PBXFrameworksBuildPhase section */
		A79DA9EB273487D0007DAE21 /* Frameworks */ = {
			isa = PBXFrameworksBuildPhase;
			buildActionMask = 2147483647;
			files = (
			);
			runOnlyForDeploymentPostprocessing = 0;
		};
		A79DA9FC273487D3007DAE21 /* Frameworks */ = {
			isa = PBXFrameworksBuildPhase;
			buildActionMask = 2147483647;
			files = (
			);
			runOnlyForDeploymentPostprocessing = 0;
		};
		A79DAA07273487D3007DAE21 /* Frameworks */ = {
			isa = PBXFrameworksBuildPhase;
			buildActionMask = 2147483647;
			files = (
			);
			runOnlyForDeploymentPostprocessing = 0;
		};
/* End PBXFrameworksBuildPhase section */

/* Begin PBXGroup section */
		A79DA9E5273487D0007DAE21 = {
			isa = PBXGroup;
			children = (
				A79DA9F0273487D0007DAE21 /* Michael_Weather */,
				A79DAA02273487D3007DAE21 /* Michael_WeatherTests */,
				A79DAA0D273487D3007DAE21 /* Michael_WeatherUITests */,
				A79DA9EF273487D0007DAE21 /* Products */,
			);
			sourceTree = "<group>";
		};
		A79DA9EF273487D0007DAE21 /* Products */ = {
			isa = PBXGroup;
			children = (
				A79DA9EE273487D0007DAE21 /* Michael_Weather.app */,
				A79DA9FF273487D3007DAE21 /* Michael_WeatherTests.xctest */,
				A79DAA0A273487D3007DAE21 /* Michael_WeatherUITests.xctest */,
			);
			name = Products;
			sourceTree = "<group>";
		};
		A79DA9F0273487D0007DAE21 /* Michael_Weather */ = {
			isa = PBXGroup;
			children = (
				A79DAA1E273487FC007DAE21 /* Views */,
				A79DAA1D273487F4007DAE21 /* Models */,
				A79DAA1C273487ED007DAE21 /* Helpers */,
				A79DA9F1273487D0007DAE21 /* Michael_WeatherApp.swift */,
				A79DA9F5273487D2007DAE21 /* Assets.xcassets */,
				A79DA9FA273487D2007DAE21 /* Info.plist */,
				A79DA9F7273487D2007DAE21 /* Preview Content */,
			);
			path = Michael_Weather;
			sourceTree = "<group>";
		};
		A79DA9F7273487D2007DAE21 /* Preview Content */ = {
			isa = PBXGroup;
			children = (
				A79DA9F8273487D2007DAE21 /* Preview Assets.xcassets */,
			);
			path = "Preview Content";
			sourceTree = "<group>";
		};
		A79DAA02273487D3007DAE21 /* Michael_WeatherTests */ = {
			isa = PBXGroup;
			children = (
				A79DAA03273487D3007DAE21 /* Michael_WeatherTests.swift */,
				A79DAA05273487D3007DAE21 /* Info.plist */,
			);
			path = Michael_WeatherTests;
			sourceTree = "<group>";
		};
		A79DAA0D273487D3007DAE21 /* Michael_WeatherUITests */ = {
			isa = PBXGroup;
			children = (
				A79DAA0E273487D3007DAE21 /* Michael_WeatherUITests.swift */,
				A79DAA10273487D3007DAE21 /* Info.plist */,
			);
			path = Michael_WeatherUITests;
			sourceTree = "<group>";
		};
		A79DAA1C273487ED007DAE21 /* Helpers */ = {
			isa = PBXGroup;
			children = (
				A79DAA1F27348839007DAE21 /* LocationHelper.swift */,
				A7AE4D47273CAA820032BEB9 /* WeatherFetcher.swift */,
			);
			path = Helpers;
			sourceTree = "<group>";
		};
		A79DAA1D273487F4007DAE21 /* Models */ = {
			isa = PBXGroup;
			children = (
				A75C9354273724630078DACF /* Weather.swift */,
			);
			path = Models;
			sourceTree = "<group>";
		};
		A79DAA1E273487FC007DAE21 /* Views */ = {
			isa = PBXGroup;
			children = (
				A79DA9F3273487D0007DAE21 /* ContentView.swift */,
			);
			path = Views;
			sourceTree = "<group>";
		};
/* End PBXGroup section */

/* Begin PBXNativeTarget section */
		A79DA9ED273487D0007DAE21 /* Michael_Weather */ = {
			isa = PBXNativeTarget;
			buildConfigurationList = A79DAA13273487D3007DAE21 /* Build configuration list for PBXNativeTarget "Michael_Weather" */;
			buildPhases = (
				A79DA9EA273487D0007DAE21 /* Sources */,
				A79DA9EB273487D0007DAE21 /* Frameworks */,
				A79DA9EC273487D0007DAE21 /* Resources */,
			);
			buildRules = (
			);
			dependencies = (
			);
			name = Michael_Weather;
			productName = Michael_Weather;
			productReference = A79DA9EE273487D0007DAE21 /* Michael_Weather.app */;
			productType = "com.apple.product-type.application";
		};
		A79DA9FE273487D3007DAE21 /* Michael_WeatherTests */ = {
			isa = PBXNativeTarget;
			buildConfigurationList = A79DAA16273487D3007DAE21 /* Build configuration list for PBXNativeTarget "Michael_WeatherTests" */;
			buildPhases = (
				A79DA9FB273487D3007DAE21 /* Sources */,
				A79DA9FC273487D3007DAE21 /* Frameworks */,
				A79DA9FD273487D3007DAE21 /* Resources */,
			);
			buildRules = (
			);
			dependencies = (
				A79DAA01273487D3007DAE21 /* PBXTargetDependency */,
			);
			name = Michael_WeatherTests;
			productName = Michael_WeatherTests;
			productReference = A79DA9FF273487D3007DAE21 /* Michael_WeatherTests.xctest */;
			productType = "com.apple.product-type.bundle.unit-test";
		};
		A79DAA09273487D3007DAE21 /* Michael_WeatherUITests */ = {
			isa = PBXNativeTarget;
			buildConfigurationList = A79DAA19273487D3007DAE21 /* Build configuration list for PBXNativeTarget "Michael_WeatherUITests" */;
			buildPhases = (
				A79DAA06273487D3007DAE21 /* Sources */,
				A79DAA07273487D3007DAE21 /* Frameworks */,
				A79DAA08273487D3007DAE21 /* Resources */,
			);
			buildRules = (
			);
			dependencies = (
				A79DAA0C273487D3007DAE21 /* PBXTargetDependency */,
			);
			name = Michael_WeatherUITests;
			productName = Michael_WeatherUITests;
			productReference = A79DAA0A273487D3007DAE21 /* Michael_WeatherUITests.xctest */;
			productType = "com.apple.product-type.bundle.ui-testing";
		};
/* End PBXNativeTarget section */

/* Begin PBXProject section */
		A79DA9E6273487D0007DAE21 /* Project object */ = {
			isa = PBXProject;
			attributes = {
				LastSwiftUpdateCheck = 1250;
				LastUpgradeCheck = 1250;
				TargetAttributes = {
					A79DA9ED273487D0007DAE21 = {
						CreatedOnToolsVersion = 12.5.1;
					};
					A79DA9FE273487D3007DAE21 = {
						CreatedOnToolsVersion = 12.5.1;
						TestTargetID = A79DA9ED273487D0007DAE21;
					};
					A79DAA09273487D3007DAE21 = {
						CreatedOnToolsVersion = 12.5.1;
						TestTargetID = A79DA9ED273487D0007DAE21;
					};
				};
			};
			buildConfigurationList = A79DA9E9273487D0007DAE21 /* Build configuration list for PBXProject "Michael_Weather" */;
			compatibilityVersion = "Xcode 9.3";
			developmentRegion = en;
			hasScannedForEncodings = 0;
			knownRegions = (
				en,
				Base,
			);
			mainGroup = A79DA9E5273487D0007DAE21;
			productRefGroup = A79DA9EF273487D0007DAE21 /* Products */;
			projectDirPath = "";
			projectRoot = "";
			targets = (
				A79DA9ED273487D0007DAE21 /* Michael_Weather */,
				A79DA9FE273487D3007DAE21 /* Michael_WeatherTests */,
				A79DAA09273487D3007DAE21 /* Michael_WeatherUITests */,
			);
		};
/* End PBXProject section */

/* Begin PBXResourcesBuildPhase section */
		A79DA9EC273487D0007DAE21 /* Resources */ = {
			isa = PBXResourcesBuildPhase;
			buildActionMask = 2147483647;
			files = (
				A79DA9F9273487D2007DAE21 /* Preview Assets.xcassets in Resources */,
				A79DA9F6273487D2007DAE21 /* Assets.xcassets in Resources */,
			);
			runOnlyForDeploymentPostprocessing = 0;
		};
		A79DA9FD273487D3007DAE21 /* Resources */ = {
			isa = PBXResourcesBuildPhase;
			buildActionMask = 2147483647;
			files = (
			);
			runOnlyForDeploymentPostprocessing = 0;
		};
		A79DAA08273487D3007DAE21 /* Resources */ = {
			isa = PBXResourcesBuildPhase;
			buildActionMask = 2147483647;
			files = (
			);
			runOnlyForDeploymentPostprocessing = 0;
		};
/* End PBXResourcesBuildPhase section */

/* Begin PBXSourcesBuildPhase section */
		A79DA9EA273487D0007DAE21 /* Sources */ = {
			isa = PBXSourcesBuildPhase;
			buildActionMask = 2147483647;
			files = (
				A75C9355273724630078DACF /* Weather.swift in Sources */,
				A7AE4D48273CAA820032BEB9 /* WeatherFetcher.swift in Sources */,
				A79DAA2027348839007DAE21 /* LocationHelper.swift in Sources */,
				A79DA9F4273487D0007DAE21 /* ContentView.swift in Sources */,
				A79DA9F2273487D0007DAE21 /* Michael_WeatherApp.swift in Sources */,
			);
			runOnlyForDeploymentPostprocessing = 0;
		};
		A79DA9FB273487D3007DAE21 /* Sources */ = {
			isa = PBXSourcesBuildPhase;
			buildActionMask = 2147483647;
			files = (
				A79DAA04273487D3007DAE21 /* Michael_WeatherTests.swift in Sources */,
			);
			runOnlyForDeploymentPostprocessing = 0;
		};
		A79DAA06273487D3007DAE21 /* Sources */ = {
			isa = PBXSourcesBuildPhase;
			buildActionMask = 2147483647;
			files = (
				A79DAA0F273487D3007DAE21 /* Michael_WeatherUITests.swift in Sources */,
			);
			runOnlyForDeploymentPostprocessing = 0;
		};
/* End PBXSourcesBuildPhase section */

/* Begin PBXTargetDependency section */
		A79DAA01273487D3007DAE21 /* PBXTargetDependency */ = {
			isa = PBXTargetDependency;
			target = A79DA9ED273487D0007DAE21 /* Michael_Weather */;
			targetProxy = A79DAA00273487D3007DAE21 /* PBXContainerItemProxy */;
		};
		A79DAA0C273487D3007DAE21 /* PBXTargetDependency */ = {
			isa = PBXTargetDependency;
			target = A79DA9ED273487D0007DAE21 /* Michael_Weather */;
			targetProxy = A79DAA0B273487D3007DAE21 /* PBXContainerItemProxy */;
		};
/* End PBXTargetDependency section */

/* Begin XCBuildConfiguration section */
		A79DAA11273487D3007DAE21 /* Debug */ = {
			isa = XCBuildConfiguration;
			buildSettings = {
				ALWAYS_SEARCH_USER_PATHS = NO;
				CLANG_ANALYZER_NONNULL = YES;
				CLANG_ANALYZER_NUMBER_OBJECT_CONVERSION = YES_AGGRESSIVE;
				CLANG_CXX_LANGUAGE_STANDARD = "gnu++14";
				CLANG_CXX_LIBRARY = "libc++";
				CLANG_ENABLE_MODULES = YES;
				CLANG_ENABLE_OBJC_ARC = YES;
				CLANG_ENABLE_OBJC_WEAK = YES;
				CLANG_WARN_BLOCK_CAPTURE_AUTORELEASING = YES;
				CLANG_WARN_BOOL_CONVERSION = YES;
				CLANG_WARN_COMMA = YES;
				CLANG_WARN_CONSTANT_CONVERSION = YES;
				CLANG_WARN_DEPRECATED_OBJC_IMPLEMENTATIONS = YES;
				CLANG_WARN_DIRECT_OBJC_ISA_USAGE = YES_ERROR;
				CLANG_WARN_DOCUMENTATION_COMMENTS = YES;
				CLANG_WARN_EMPTY_BODY = YES;
				CLANG_WARN_ENUM_CONVERSION = YES;
				CLANG_WARN_INFINITE_RECURSION = YES;
				CLANG_WARN_INT_CONVERSION = YES;
				CLANG_WARN_NON_LITERAL_NULL_CONVERSION = YES;
				CLANG_WARN_OBJC_IMPLICIT_RETAIN_SELF = YES;
				CLANG_WARN_OBJC_LITERAL_CONVERSION = YES;
				CLANG_WARN_OBJC_ROOT_CLASS = YES_ERROR;
				CLANG_WARN_QUOTED_INCLUDE_IN_FRAMEWORK_HEADER = YES;
				CLANG_WARN_RANGE_LOOP_ANALYSIS = YES;
				CLANG_WARN_STRICT_PROTOTYPES = YES;
				CLANG_WARN_SUSPICIOUS_MOVE = YES;
				CLANG_WARN_UNGUARDED_AVAILABILITY = YES_AGGRESSIVE;
				CLANG_WARN_UNREACHABLE_CODE = YES;
				CLANG_WARN__DUPLICATE_METHOD_MATCH = YES;
				COPY_PHASE_STRIP = NO;
				DEBUG_INFORMATION_FORMAT = dwarf;
				ENABLE_STRICT_OBJC_MSGSEND = YES;
				ENABLE_TESTABILITY = YES;
				GCC_C_LANGUAGE_STANDARD = gnu11;
				GCC_DYNAMIC_NO_PIC = NO;
				GCC_NO_COMMON_BLOCKS = YES;
				GCC_OPTIMIZATION_LEVEL = 0;
				GCC_PREPROCESSOR_DEFINITIONS = (
					"DEBUG=1",
					"$(inherited)",
				);
				GCC_WARN_64_TO_32_BIT_CONVERSION = YES;
				GCC_WARN_ABOUT_RETURN_TYPE = YES_ERROR;
				GCC_WARN_UNDECLARED_SELECTOR = YES;
				GCC_WARN_UNINITIALIZED_AUTOS = YES_AGGRESSIVE;
				GCC_WARN_UNUSED_FUNCTION = YES;
				GCC_WARN_UNUSED_VARIABLE = YES;
				IPHONEOS_DEPLOYMENT_TARGET = 14.5;
				MTL_ENABLE_DEBUG_INFO = INCLUDE_SOURCE;
				MTL_FAST_MATH = YES;
				ONLY_ACTIVE_ARCH = YES;
				SDKROOT = iphoneos;
				SWIFT_ACTIVE_COMPILATION_CONDITIONS = DEBUG;
				SWIFT_OPTIMIZATION_LEVEL = "-Onone";
			};
			name = Debug;
		};
		A79DAA12273487D3007DAE21 /* Release */ = {
			isa = XCBuildConfiguration;
			buildSettings = {
				ALWAYS_SEARCH_USER_PATHS = NO;
				CLANG_ANALYZER_NONNULL = YES;
				CLANG_ANALYZER_NUMBER_OBJECT_CONVERSION = YES_AGGRESSIVE;
				CLANG_CXX_LANGUAGE_STANDARD = "gnu++14";
				CLANG_CXX_LIBRARY = "libc++";
				CLANG_ENABLE_MODULES = YES;
				CLANG_ENABLE_OBJC_ARC = YES;
				CLANG_ENABLE_OBJC_WEAK = YES;
				CLANG_WARN_BLOCK_CAPTURE_AUTORELEASING = YES;
				CLANG_WARN_BOOL_CONVERSION = YES;
				CLANG_WARN_COMMA = YES;
				CLANG_WARN_CONSTANT_CONVERSION = YES;
				CLANG_WARN_DEPRECATED_OBJC_IMPLEMENTATIONS = YES;
				CLANG_WARN_DIRECT_OBJC_ISA_USAGE = YES_ERROR;
				CLANG_WARN_DOCUMENTATION_COMMENTS = YES;
				CLANG_WARN_EMPTY_BODY = YES;
				CLANG_WARN_ENUM_CONVERSION = YES;
				CLANG_WARN_INFINITE_RECURSION = YES;
				CLANG_WARN_INT_CONVERSION = YES;
				CLANG_WARN_NON_LITERAL_NULL_CONVERSION = YES;
				CLANG_WARN_OBJC_IMPLICIT_RETAIN_SELF = YES;
				CLANG_WARN_OBJC_LITERAL_CONVERSION = YES;
				CLANG_WARN_OBJC_ROOT_CLASS = YES_ERROR;
				CLANG_WARN_QUOTED_INCLUDE_IN_FRAMEWORK_HEADER = YES;
				CLANG_WARN_RANGE_LOOP_ANALYSIS = YES;
				CLANG_WARN_STRICT_PROTOTYPES = YES;
				CLANG_WARN_SUSPICIOUS_MOVE = YES;
				CLANG_WARN_UNGUARDED_AVAILABILITY = YES_AGGRESSIVE;
				CLANG_WARN_UNREACHABLE_CODE = YES;
				CLANG_WARN__DUPLICATE_METHOD_MATCH = YES;
				COPY_PHASE_STRIP = NO;
				DEBUG_INFORMATION_FORMAT = "dwarf-with-dsym";
				ENABLE_NS_ASSERTIONS = NO;
				ENABLE_STRICT_OBJC_MSGSEND = YES;
				GCC_C_LANGUAGE_STANDARD = gnu11;
				GCC_NO_COMMON_BLOCKS = YES;
				GCC_WARN_64_TO_32_BIT_CONVERSION = YES;
				GCC_WARN_ABOUT_RETURN_TYPE = YES_ERROR;
				GCC_WARN_UNDECLARED_SELECTOR = YES;
				GCC_WARN_UNINITIALIZED_AUTOS = YES_AGGRESSIVE;
				GCC_WARN_UNUSED_FUNCTION = YES;
				GCC_WARN_UNUSED_VARIABLE = YES;
				IPHONEOS_DEPLOYMENT_TARGET = 14.5;
				MTL_ENABLE_DEBUG_INFO = NO;
				MTL_FAST_MATH = YES;
				SDKROOT = iphoneos;
				SWIFT_COMPILATION_MODE = wholemodule;
				SWIFT_OPTIMIZATION_LEVEL = "-O";
				VALIDATE_PRODUCT = YES;
			};
			name = Release;
		};
		A79DAA14273487D3007DAE21 /* Debug */ = {
			isa = XCBuildConfiguration;
			buildSettings = {
				ASSETCATALOG_COMPILER_APPICON_NAME = AppIcon;
				ASSETCATALOG_COMPILER_GLOBAL_ACCENT_COLOR_NAME = AccentColor;
				CODE_SIGN_STYLE = Automatic;
				DEVELOPMENT_ASSET_PATHS = "\"Michael_Weather/Preview Content\"";
				DEVELOPMENT_TEAM = CV3L26C2N2;
				ENABLE_PREVIEWS = YES;
				INFOPLIST_FILE = Michael_Weather/Info.plist;
				IPHONEOS_DEPLOYMENT_TARGET = 14.0;
				LD_RUNPATH_SEARCH_PATHS = (
					"$(inherited)",
					"@executable_path/Frameworks",
				);
				PRODUCT_BUNDLE_IDENTIFIER = "sheridan.Michael-Weather";
				PRODUCT_NAME = "$(TARGET_NAME)";
				SWIFT_VERSION = 5.0;
				TARGETED_DEVICE_FAMILY = "1,2";
			};
			name = Debug;
		};
		A79DAA15273487D3007DAE21 /* Release */ = {
			isa = XCBuildConfiguration;
			buildSettings = {
				ASSETCATALOG_COMPILER_APPICON_NAME = AppIcon;
				ASSETCATALOG_COMPILER_GLOBAL_ACCENT_COLOR_NAME = AccentColor;
				CODE_SIGN_STYLE = Automatic;
				DEVELOPMENT_ASSET_PATHS = "\"Michael_Weather/Preview Content\"";
				DEVELOPMENT_TEAM = CV3L26C2N2;
				ENABLE_PREVIEWS = YES;
				INFOPLIST_FILE = Michael_Weather/Info.plist;
				IPHONEOS_DEPLOYMENT_TARGET = 14.0;
				LD_RUNPATH_SEARCH_PATHS = (
					"$(inherited)",
					"@executable_path/Frameworks",
				);
				PRODUCT_BUNDLE_IDENTIFIER = "sheridan.Michael-Weather";
				PRODUCT_NAME = "$(TARGET_NAME)";
				SWIFT_VERSION = 5.0;
				TARGETED_DEVICE_FAMILY = "1,2";
			};
			name = Release;
		};
		A79DAA17273487D3007DAE21 /* Debug */ = {
			isa = XCBuildConfiguration;
			buildSettings = {
				ALWAYS_EMBED_SWIFT_STANDARD_LIBRARIES = YES;
				BUNDLE_LOADER = "$(TEST_HOST)";
				CODE_SIGN_STYLE = Automatic;
				INFOPLIST_FILE = Michael_WeatherTests/Info.plist;
				IPHONEOS_DEPLOYMENT_TARGET = 14.0;
				LD_RUNPATH_SEARCH_PATHS = (
					"$(inherited)",
					"@executable_path/Frameworks",
					"@loader_path/Frameworks",
				);
				PRODUCT_BUNDLE_IDENTIFIER = "sheridan.Michael-WeatherTests";
				PRODUCT_NAME = "$(TARGET_NAME)";
				SWIFT_VERSION = 5.0;
				TARGETED_DEVICE_FAMILY = "1,2";
				TEST_HOST = "$(BUILT_PRODUCTS_DIR)/Michael_Weather.app/Michael_Weather";
			};
			name = Debug;
		};
		A79DAA18273487D3007DAE21 /* Release */ = {
			isa = XCBuildConfiguration;
			buildSettings = {
				ALWAYS_EMBED_SWIFT_STANDARD_LIBRARIES = YES;
				BUNDLE_LOADER = "$(TEST_HOST)";
				CODE_SIGN_STYLE = Automatic;
				INFOPLIST_FILE = Michael_WeatherTests/Info.plist;
				IPHONEOS_DEPLOYMENT_TARGET = 14.0;
				LD_RUNPATH_SEARCH_PATHS = (
					"$(inherited)",
					"@executable_path/Frameworks",
					"@loader_path/Frameworks",
				);
				PRODUCT_BUNDLE_IDENTIFIER = "sheridan.Michael-WeatherTests";
				PRODUCT_NAME = "$(TARGET_NAME)";
				SWIFT_VERSION = 5.0;
				TARGETED_DEVICE_FAMILY = "1,2";
				TEST_HOST = "$(BUILT_PRODUCTS_DIR)/Michael_Weather.app/Michael_Weather";
			};
			name = Release;
		};
		A79DAA1A273487D3007DAE21 /* Debug */ = {
			isa = XCBuildConfiguration;
			buildSettings = {
				ALWAYS_EMBED_SWIFT_STANDARD_LIBRARIES = YES;
				CODE_SIGN_STYLE = Automatic;
				INFOPLIST_FILE = Michael_WeatherUITests/Info.plist;
				LD_RUNPATH_SEARCH_PATHS = (
					"$(inherited)",
					"@executable_path/Frameworks",
					"@loader_path/Frameworks",
				);
				PRODUCT_BUNDLE_IDENTIFIER = "sheridan.Michael-WeatherUITests";
				PRODUCT_NAME = "$(TARGET_NAME)";
				SWIFT_VERSION = 5.0;
				TARGETED_DEVICE_FAMILY = "1,2";
				TEST_TARGET_NAME = Michael_Weather;
			};
			name = Debug;
		};
		A79DAA1B273487D3007DAE21 /* Release */ = {
			isa = XCBuildConfiguration;
			buildSettings = {
				ALWAYS_EMBED_SWIFT_STANDARD_LIBRARIES = YES;
				CODE_SIGN_STYLE = Automatic;
				INFOPLIST_FILE = Michael_WeatherUITests/Info.plist;
				LD_RUNPATH_SEARCH_PATHS = (
					"$(inherited)",
					"@executable_path/Frameworks",
					"@loader_path/Frameworks",
				);
				PRODUCT_BUNDLE_IDENTIFIER = "sheridan.Michael-WeatherUITests";
				PRODUCT_NAME = "$(TARGET_NAME)";
				SWIFT_VERSION = 5.0;
				TARGETED_DEVICE_FAMILY = "1,2";
				TEST_TARGET_NAME = Michael_Weather;
			};
			name = Release;
		};
/* End XCBuildConfiguration section */

/* Begin XCConfigurationList section */
		A79DA9E9273487D0007DAE21 /* Build configuration list for PBXProject "Michael_Weather" */ = {
			isa = XCConfigurationList;
			buildConfigurations = (
				A79DAA11273487D3007DAE21 /* Debug */,
				A79DAA12273487D3007DAE21 /* Release */,
			);
			defaultConfigurationIsVisible = 0;
			defaultConfigurationName = Release;
		};
		A79DAA13273487D3007DAE21 /* Build configuration list for PBXNativeTarget "Michael_Weather" */ = {
			isa = XCConfigurationList;
			buildConfigurations = (
				A79DAA14273487D3007DAE21 /* Debug */,
				A79DAA15273487D3007DAE21 /* Release */,
			);
			defaultConfigurationIsVisible = 0;
			defaultConfigurationName = Release;
		};
		A79DAA16273487D3007DAE21 /* Build configuration list for PBXNativeTarget "Michael_WeatherTests" */ = {
			isa = XCConfigurationList;
			buildConfigurations = (
				A79DAA17273487D3007DAE21 /* Debug */,
				A79DAA18273487D3007DAE21 /* Release */,
			);
			defaultConfigurationIsVisible = 0;
			defaultConfigurationName = Release;
		};
		A79DAA19273487D3007DAE21 /* Build configuration list for PBXNativeTarget "Michael_WeatherUITests" */ = {
			isa = XCConfigurationList;
			buildConfigurations = (
				A79DAA1A273487D3007DAE21 /* Debug */,
				A79DAA1B273487D3007DAE21 /* Release */,
			);
			defaultConfigurationIsVisible = 0;
			defaultConfigurationName = Release;
		};
/* End XCConfigurationList section */
	};
	rootObject = A79DA9E6273487D0007DAE21 /* Project object */;
}
